
Microsoft Visual Studio Solution File, Format Version 12.00
# Visual Studio Version 17
VisualStudioVersion = 17.0.31903.59
MinimumVisualStudioVersion = 10.0.40219.1
Project("{2150E333-8FDC-42A3-9474-1A3956D46DE8}") = "src", "src", "{827E0CD3-B72D-47B6-A68D-7590B98EB39B}"
EndProject
Project("{FAE04EC0-301F-11D3-BF4B-00C04F79EFBC}") = "MQTTower.Core", "src\MQTTower.Core\MQTTower.Core.csproj", "{84642349-7048-4AFC-9169-9A2CFDCC3310}"
EndProject
Project("{FAE04EC0-301F-11D3-BF4B-00C04F79EFBC}") = "MQTTower.Infrastructure", "src\MQTTower.Infrastructure\MQTTower.Infrastructure.csproj", "{F4792ECD-516C-4372-AD19-6A7E91684A04}"
EndProject
Project("{FAE04EC0-301F-11D3-BF4B-00C04F79EFBC}") = "MQTTower.Web", "src\MQTTower.Web\MQTTower.Web.csproj", "{79E18039-9141-4E75-AA52-FA03D9633270}"
EndProject
Project("{FAE04EC0-301F-11D3-BF4B-00C04F79EFBC}") = "MQTTower.Core.Tests", "tests\MQTTower.Core.Tests\MQTTower.Core.Tests.csproj", "{127CF5B4-010E-467F-B2C4-29743C46DBC2}"
EndProject
Project("{FAE04EC0-301F-11D3-BF4B-00C04F79EFBC}") = "MQTTower.Infrastructure.Tests", "tests\MQTTower.Infrastructure.Tests\MQTTower.Infrastructure.Tests.csproj", "{6205DC5A-FBBD-4551-A650-73F95123E5CC}"
EndProject
Project("{2150E333-8FDC-42A3-9474-1A3956D46DE8}") = "tests", "tests", "{0AB3BF05-4346-4AA6-1389-037BE0695223}"
EndProject
Project("{FAE04EC0-301F-11D3-BF4B-00C04F79EFBC}") = "MQTTower.Web.Tests", "tests\MQTTower.Web.Tests\MQTTower.Web.Tests.csproj", "{01ECE41A-1598-4BA4-A1F3-13AC9DCC2A4A}"
EndProject
Project("{FAE04EC0-301F-11D3-BF4B-00C04F79EFBC}") = "MQTTower.Agent", "src\MQTTower.Agent\MQTTower.Agent.csproj", "{191A6949-28D8-4EA7-A5B3-2F3CC8C617F4}"
EndProject
Project("{FAE04EC0-301F-11D3-BF4B-00C04F79EFBC}") = "MQTTower.Integration.Tests", "tests\MQTTower.Integration.Tests\MQTTower.Integration.Tests.csproj", "{E73240E1-48C0-4D55-9253-6D002A673FC7}"
EndProject
Global
	GlobalSection(SolutionConfigurationPlatforms) = preSolution
		Debug|Any CPU = Debug|Any CPU
		Debug|x64 = Debug|x64
		Debug|x86 = Debug|x86
		Release|Any CPU = Release|Any CPU
		Release|x64 = Release|x64
		Release|x86 = Release|x86
	EndGlobalSection
	GlobalSection(ProjectConfigurationPlatforms) = postSolution
		{84642349-7048-4AFC-9169-9A2CFDCC3310}.Debug|Any CPU.ActiveCfg = Debug|Any CPU
		{84642349-7048-4AFC-9169-9A2CFDCC3310}.Debug|Any CPU.Build.0 = Debug|Any CPU
		{84642349-7048-4AFC-9169-9A2CFDCC3310}.Debug|x64.ActiveCfg = Debug|Any CPU
		{84642349-7048-4AFC-9169-9A2CFDCC3310}.Debug|x64.Build.0 = Debug|Any CPU
		{84642349-7048-4AFC-9169-9A2CFDCC3310}.Debug|x86.ActiveCfg = Debug|Any CPU
		{84642349-7048-4AFC-9169-9A2CFDCC3310}.Debug|x86.Build.0 = Debug|Any CPU
		{84642349-7048-4AFC-9169-9A2CFDCC3310}.Release|Any CPU.ActiveCfg = Release|Any CPU
		{84642349-7048-4AFC-9169-9A2CFDCC3310}.Release|Any CPU.Build.0 = Release|Any CPU
		{84642349-7048-4AFC-9169-9A2CFDCC3310}.Release|x64.ActiveCfg = Release|Any CPU
		{84642349-7048-4AFC-9169-9A2CFDCC3310}.Release|x64.Build.0 = Release|Any CPU
		{84642349-7048-4AFC-9169-9A2CFDCC3310}.Release|x86.ActiveCfg = Release|Any CPU
		{84642349-7048-4AFC-9169-9A2CFDCC3310}.Release|x86.Build.0 = Release|Any CPU
		{F4792ECD-516C-4372-AD19-6A7E91684A04}.Debug|Any CPU.ActiveCfg = Debug|Any CPU
		{F4792ECD-516C-4372-AD19-6A7E91684A04}.Debug|Any CPU.Build.0 = Debug|Any CPU
		{F4792ECD-516C-4372-AD19-6A7E91684A04}.Debug|x64.ActiveCfg = Debug|Any CPU
		{F4792ECD-516C-4372-AD19-6A7E91684A04}.Debug|x64.Build.0 = Debug|Any CPU
		{F4792ECD-516C-4372-AD19-6A7E91684A04}.Debug|x86.ActiveCfg = Debug|Any CPU
		{F4792ECD-516C-4372-AD19-6A7E91684A04}.Debug|x86.Build.0 = Debug|Any CPU
		{F4792ECD-516C-4372-AD19-6A7E91684A04}.Release|Any CPU.ActiveCfg = Release|Any CPU
		{F4792ECD-516C-4372-AD19-6A7E91684A04}.Release|Any CPU.Build.0 = Release|Any CPU
		{F4792ECD-516C-4372-AD19-6A7E91684A04}.Release|x64.ActiveCfg = Release|Any CPU
		{F4792ECD-516C-4372-AD19-6A7E91684A04}.Release|x64.Build.0 = Release|Any CPU
		{F4792ECD-516C-4372-AD19-6A7E91684A04}.Release|x86.ActiveCfg = Release|Any CPU
		{F4792ECD-516C-4372-AD19-6A7E91684A04}.Release|x86.Build.0 = Release|Any CPU
		{79E18039-9141-4E75-AA52-FA03D9633270}.Debug|Any CPU.ActiveCfg = Debug|Any CPU
		{79E18039-9141-4E75-AA52-FA03D9633270}.Debug|Any CPU.Build.0 = Debug|Any CPU
		{79E18039-9141-4E75-AA52-FA03D9633270}.Debug|x64.ActiveCfg = Debug|Any CPU
		{79E18039-9141-4E75-AA52-FA03D9633270}.Debug|x64.Build.0 = Debug|Any CPU
		{79E18039-9141-4E75-AA52-FA03D9633270}.Debug|x86.ActiveCfg = Debug|Any CPU
		{79E18039-9141-4E75-AA52-FA03D9633270}.Debug|x86.Build.0 = Debug|Any CPU
		{79E18039-9141-4E75-AA52-FA03D9633270}.Release|Any CPU.ActiveCfg = Release|Any CPU
		{79E18039-9141-4E75-AA52-FA03D9633270}.Release|Any CPU.Build.0 = Release|Any CPU
		{79E18039-9141-4E75-AA52-FA03D9633270}.Release|x64.ActiveCfg = Release|Any CPU
		{79E18039-9141-4E75-AA52-FA03D9633270}.Release|x64.Build.0 = Release|Any CPU
		{79E18039-9141-4E75-AA52-FA03D9633270}.Release|x86.ActiveCfg = Release|Any CPU
		{79E18039-9141-4E75-AA52-FA03D9633270}.Release|x86.Build.0 = Release|Any CPU
		{127CF5B4-010E-467F-B2C4-29743C46DBC2}.Debug|Any CPU.ActiveCfg = Debug|Any CPU
		{127CF5B4-010E-467F-B2C4-29743C46DBC2}.Debug|Any CPU.Build.0 = Debug|Any CPU
		{127CF5B4-010E-467F-B2C4-29743C46DBC2}.Debug|x64.ActiveCfg = Debug|Any CPU
		{127CF5B4-010E-467F-B2C4-29743C46DBC2}.Debug|x64.Build.0 = Debug|Any CPU
		{127CF5B4-010E-467F-B2C4-29743C46DBC2}.Debug|x86.ActiveCfg = Debug|Any CPU
		{127CF5B4-010E-467F-B2C4-29743C46DBC2}.Debug|x86.Build.0 = Debug|Any CPU
		{127CF5B4-010E-467F-B2C4-29743C46DBC2}.Release|Any CPU.ActiveCfg = Release|Any CPU
		{127CF5B4-010E-467F-B2C4-29743C46DBC2}.Release|Any CPU.Build.0 = Release|Any CPU
		{127CF5B4-010E-467F-B2C4-29743C46DBC2}.Release|x64.ActiveCfg = Release|Any CPU
		{127CF5B4-010E-467F-B2C4-29743C46DBC2}.Release|x64.Build.0 = Release|Any CPU
		{127CF5B4-010E-467F-B2C4-29743C46DBC2}.Release|x86.ActiveCfg = Release|Any CPU
		{127CF5B4-010E-467F-B2C4-29743C46DBC2}.Release|x86.Build.0 = Release|Any CPU
		{6205DC5A-FBBD-4551-A650-73F95123E5CC}.Debug|Any CPU.ActiveCfg = Debug|Any CPU
		{6205DC5A-FBBD-4551-A650-73F95123E5CC}.Debug|Any CPU.Build.0 = Debug|Any CPU
		{6205DC5A-FBBD-4551-A650-73F95123E5CC}.Debug|x64.ActiveCfg = Debug|Any CPU
		{6205DC5A-FBBD-4551-A650-73F95123E5CC}.Debug|x64.Build.0 = Debug|Any CPU
		{6205DC5A-FBBD-4551-A650-73F95123E5CC}.Debug|x86.ActiveCfg = Debug|Any CPU
		{6205DC5A-FBBD-4551-A650-73F95123E5CC}.Debug|x86.Build.0 = Debug|Any CPU
		{6205DC5A-FBBD-4551-A650-73F95123E5CC}.Release|Any CPU.ActiveCfg = Release|Any CPU
		{6205DC5A-FBBD-4551-A650-73F95123E5CC}.Release|Any CPU.Build.0 = Release|Any CPU
		{6205DC5A-FBBD-4551-A650-73F95123E5CC}.Release|x64.ActiveCfg = Release|Any CPU
		{6205DC5A-FBBD-4551-A650-73F95123E5CC}.Release|x64.Build.0 = Release|Any CPU
		{6205DC5A-FBBD-4551-A650-73F95123E5CC}.Release|x86.ActiveCfg = Release|Any CPU
		{6205DC5A-FBBD-4551-A650-73F95123E5CC}.Release|x86.Build.0 = Release|Any CPU
		{01ECE41A-1598-4BA4-A1F3-13AC9DCC2A4A}.Debug|Any CPU.ActiveCfg = Debug|Any CPU
		{01ECE41A-1598-4BA4-A1F3-13AC9DCC2A4A}.Debug|Any CPU.Build.0 = Debug|Any CPU
		{01ECE41A-1598-4BA4-A1F3-13AC9DCC2A4A}.Debug|x64.ActiveCfg = Debug|Any CPU
		{01ECE41A-1598-4BA4-A1F3-13AC9DCC2A4A}.Debug|x64.Build.0 = Debug|Any CPU
		{01ECE41A-1598-4BA4-A1F3-13AC9DCC2A4A}.Debug|x86.ActiveCfg = Debug|Any CPU
		{01ECE41A-1598-4BA4-A1F3-13AC9DCC2A4A}.Debug|x86.Build.0 = Debug|Any CPU
		{01ECE41A-1598-4BA4-A1F3-13AC9DCC2A4A}.Release|Any CPU.ActiveCfg = Release|Any CPU
		{01ECE41A-1598-4BA4-A1F3-13AC9DCC2A4A}.Release|Any CPU.Build.0 = Release|Any CPU
		{01ECE41A-1598-4BA4-A1F3-13AC9DCC2A4A}.Release|x64.ActiveCfg = Release|Any CPU
		{01ECE41A-1598-4BA4-A1F3-13AC9DCC2A4A}.Release|x64.Build.0 = Release|Any CPU
		{01ECE41A-1598-4BA4-A1F3-13AC9DCC2A4A}.Release|x86.ActiveCfg = Release|Any CPU
		{01ECE41A-1598-4BA4-A1F3-13AC9DCC2A4A}.Release|x86.Build.0 = Release|Any CPU
		{191A6949-28D8-4EA7-A5B3-2F3CC8C617F4}.Debug|Any CPU.ActiveCfg = Debug|Any CPU
		{191A6949-28D8-4EA7-A5B3-2F3CC8C617F4}.Debug|Any CPU.Build.0 = Debug|Any CPU
		{191A6949-28D8-4EA7-A5B3-2F3CC8C617F4}.Debug|x64.ActiveCfg = Debug|Any CPU
		{191A6949-28D8-4EA7-A5B3-2F3CC8C617F4}.Debug|x64.Build.0 = Debug|Any CPU
		{191A6949-28D8-4EA7-A5B3-2F3CC8C617F4}.Debug|x86.ActiveCfg = Debug|Any CPU
		{191A6949-28D8-4EA7-A5B3-2F3CC8C617F4}.Debug|x86.Build.0 = Debug|Any CPU
		{191A6949-28D8-4EA7-A5B3-2F3CC8C617F4}.Release|Any CPU.ActiveCfg = Release|Any CPU
		{191A6949-28D8-4EA7-A5B3-2F3CC8C617F4}.Release|Any CPU.Build.0 = Release|Any CPU
		{191A6949-28D8-4EA7-A5B3-2F3CC8C617F4}.Release|x64.ActiveCfg = Release|Any CPU
		{191A6949-28D8-4EA7-A5B3-2F3CC8C617F4}.Release|x64.Build.0 = Release|Any CPU
		{191A6949-28D8-4EA7-A5B3-2F3CC8C617F4}.Release|x86.ActiveCfg = Release|Any CPU
		{191A6949-28D8-4EA7-A5B3-2F3CC8C617F4}.Release|x86.Build.0 = Release|Any CPU
		{E73240E1-48C0-4D55-9253-6D002A673FC7}.Debug|Any CPU.ActiveCfg = Debug|Any CPU
		{E73240E1-48C0-4D55-9253-6D002A673FC7}.Debug|Any CPU.Build.0 = Debug|Any CPU
		{E73240E1-48C0-4D55-9253-6D002A673FC7}.Debug|x64.ActiveCfg = Debug|Any CPU
		{E73240E1-48C0-4D55-9253-6D002A673FC7}.Debug|x64.Build.0 = Debug|Any CPU
		{E73240E1-48C0-4D55-9253-6D002A673FC7}.Debug|x86.ActiveCfg = Debug|Any CPU
		{E73240E1-48C0-4D55-9253-6D002A673FC7}.Debug|x86.Build.0 = Debug|Any CPU
		{E73240E1-48C0-4D55-9253-6D002A673FC7}.Release|Any CPU.ActiveCfg = Release|Any CPU
		{E73240E1-48C0-4D55-9253-6D002A673FC7}.Release|Any CPU.Build.0 = Release|Any CPU
		{E73240E1-48C0-4D55-9253-6D002A673FC7}.Release|x64.ActiveCfg = Release|Any CPU
		{E73240E1-48C0-4D55-9253-6D002A673FC7}.Release|x64.Build.0 = Release|Any CPU
		{E73240E1-48C0-4D55-9253-6D002A673FC7}.Release|x86.ActiveCfg = Release|Any CPU
		{E73240E1-48C0-4D55-9253-6D002A673FC7}.Release|x86.Build.0 = Release|Any CPU
	EndGlobalSection
	GlobalSection(SolutionProperties) = preSolution
		HideSolutionNode = FALSE
	EndGlobalSection
	GlobalSection(NestedProjects) = preSolution
		{84642349-7048-4AFC-9169-9A2CFDCC3310} = {827E0CD3-B72D-47B6-A68D-7590B98EB39B}
		{F4792ECD-516C-4372-AD19-6A7E91684A04} = {827E0CD3-B72D-47B6-A68D-7590B98EB39B}
		{79E18039-9141-4E75-AA52-FA03D9633270} = {827E0CD3-B72D-47B6-A68D-7590B98EB39B}
		{127CF5B4-010E-467F-B2C4-29743C46DBC2} = {0AB3BF05-4346-4AA6-1389-037BE0695223}
		{6205DC5A-FBBD-4551-A650-73F95123E5CC} = {0AB3BF05-4346-4AA6-1389-037BE0695223}
		{01ECE41A-1598-4BA4-A1F3-13AC9DCC2A4A} = {0AB3BF05-4346-4AA6-1389-037BE0695223}
		{191A6949-28D8-4EA7-A5B3-2F3CC8C617F4} = {827E0CD3-B72D-47B6-A68D-7590B98EB39B}
		{E73240E1-48C0-4D55-9253-6D002A673FC7} = {0AB3BF05-4346-4AA6-1389-037BE0695223}
	EndGlobalSection
EndGlobal
